
Microsoft Visual Studio Solution File, Format Version 12.00
# Visual Studio 15
VisualStudioVersion = 15.0.27004.2006
MinimumVisualStudioVersion = 10.0.40219.1
Project("{FAE04EC0-301F-11D3-BF4B-00C04F79EFBC}") = "CoffeeShop", "CoffeeShop\CoffeeShop.csproj", "{BCDC2670-0D7C-4FEB-96D7-333E85A9E1AC}"
EndProject
Global
	GlobalSection(SolutionConfigurationPlatforms) = preSolution
		Debug|Any CPU = Debug|Any CPU
		Release|Any CPU = Release|Any CPU
	EndGlobalSection
	GlobalSection(ProjectConfigurationPlatforms) = postSolution
		{BCDC2670-0D7C-4FEB-96D7-333E85A9E1AC}.Debug|Any CPU.ActiveCfg = Debug|Any CPU
		{BCDC2670-0D7C-4FEB-96D7-333E85A9E1AC}.Debug|Any CPU.Build.0 = Debug|Any CPU
		{BCDC2670-0D7C-4FEB-96D7-333E85A9E1AC}.Release|Any CPU.ActiveCfg = Release|Any CPU
		{BCDC2670-0D7C-4FEB-96D7-333E85A9E1AC}.Release|Any CPU.Build.0 = Release|Any CPU
	EndGlobalSection
	GlobalSection(SolutionProperties) = preSolution
		HideSolutionNode = FALSE
	EndGlobalSection
	GlobalSection(ExtensibilityGlobals) = postSolution
		SolutionGuid = {70C08B04-F7DC-483F-80B2-C1B3CD5CD974}
	EndGlobalSection
EndGlobal
